
Microsoft Visual Studio Solution File, Format Version 12.00
# Visual Studio Version 16
VisualStudioVersion = 25.0.1700.5
MinimumVisualStudioVersion = 10.0.40219.1
Project("{FAE04EC0-301F-11D3-BF4B-00C04F79EFBC}") = "time-deposit-kata-net", "time-deposit-kata-net\time-deposit-kata-net.csproj", "{E89469A9-0E11-487B-8031-B23E49D1C442}"
EndProject
Project("{FAE04EC0-301F-11D3-BF4B-00C04F79EFBC}") = "time-deposit-kata-test", "time-deposit-kata-test\time-deposit-kata-test.csproj", "{9BC9C5ED-7756-41BB-A9F1-3D8CD1157451}"
EndProject
Global
	GlobalSection(SolutionConfigurationPlatforms) = preSolution
		Debug|Any CPU = Debug|Any CPU
		Release|Any CPU = Release|Any CPU
	EndGlobalSection
	GlobalSection(ProjectConfigurationPlatforms) = postSolution
		{E89469A9-0E11-487B-8031-B23E49D1C442}.Debug|Any CPU.ActiveCfg = Debug|Any CPU
		{E89469A9-0E11-487B-8031-B23E49D1C442}.Debug|Any CPU.Build.0 = Debug|Any CPU
		{E89469A9-0E11-487B-8031-B23E49D1C442}.Release|Any CPU.ActiveCfg = Release|Any CPU
		{E89469A9-0E11-487B-8031-B23E49D1C442}.Release|Any CPU.Build.0 = Release|Any CPU
		{9BC9C5ED-7756-41BB-A9F1-3D8CD1157451}.Debug|Any CPU.ActiveCfg = Debug|Any CPU
		{9BC9C5ED-7756-41BB-A9F1-3D8CD1157451}.Debug|Any CPU.Build.0 = Debug|Any CPU
		{9BC9C5ED-7756-41BB-A9F1-3D8CD1157451}.Release|Any CPU.ActiveCfg = Release|Any CPU
		{9BC9C5ED-7756-41BB-A9F1-3D8CD1157451}.Release|Any CPU.Build.0 = Release|Any CPU
	EndGlobalSection
	GlobalSection(SolutionProperties) = preSolution
		HideSolutionNode = FALSE
	EndGlobalSection
	GlobalSection(ExtensibilityGlobals) = postSolution
		SolutionGuid = {5F0C3072-2DF0-4D10-AA3C-DAC7A816D09A}
	EndGlobalSection
EndGlobal
